
Microsoft Visual Studio Solution File, Format Version 12.00
# Visual Studio Version 17
VisualStudioVersion = 17.9.34728.123
MinimumVisualStudioVersion = 10.0.40219.1
Project("{9A19103F-16F7-4668-BE54-9A1E7A4F7556}") = "PPMDotNetCore.ConsoleApp", "PPMDotNetCore.ConsoleApp\PPMDotNetCore.ConsoleApp.csproj", "{697462D7-EE76-49E6-84A3-BB9863EA69B8}"
EndProject
Project("{2150E333-8FDC-42A3-9474-1A3956D46DE8}") = "Documents", "Documents", "{0CA20BB0-347E-4689-994F-1A015C00F698}"
	ProjectSection(SolutionItems) = preProject
		README.md = README.md
	EndProjectSection
EndProject
Project("{9A19103F-16F7-4668-BE54-9A1E7A4F7556}") = "PPMDotNetCore.RestApi", "PPMDotNetCore.RestApi\PPMDotNetCore.RestApi.csproj", "{24BC6EAE-8CA6-462D-8576-D2516AD5AB11}"
EndProject
Project("{9A19103F-16F7-4668-BE54-9A1E7A4F7556}") = "PPMDotNetCore.Shared", "PPMDotNetCore.Shared\PPMDotNetCore.Shared.csproj", "{A2AADFC9-93A9-486F-ACCF-39DF0E651421}"
EndProject
Project("{9A19103F-16F7-4668-BE54-9A1E7A4F7556}") = "PPMDotNetCore.RestApiWithNLayer", "PPMDotNetCore.RestApiWithNLayer\PPMDotNetCore.RestApiWithNLayer.csproj", "{4559F854-3A61-48E7-BD1D-04F74A2E3163}"
EndProject
Project("{9A19103F-16F7-4668-BE54-9A1E7A4F7556}") = "PPMDotNetCore.ConsoleAppHttpClientExample", "PPMDotNetCore.ConsoleAppHttpClientExample\PPMDotNetCore.ConsoleAppHttpClientExample.csproj", "{7FE18D64-3F17-4E61-A038-B9DD9D9E8E9F}"
EndProject
Project("{9A19103F-16F7-4668-BE54-9A1E7A4F7556}") = "PPMDotNetCore.ConsoleAppRestClientExample", "PPMDotNetCore.ConsoleAppRestClientExample\PPMDotNetCore.ConsoleAppRestClientExample.csproj", "{1D7A9DE8-6A2F-45A5-9B85-7D7FFBF3B662}"
EndProject
Project("{9A19103F-16F7-4668-BE54-9A1E7A4F7556}") = "PPMDotNetCore.PizzaApi", "PPMDotNetCore.PizzaApi\PPMDotNetCore.PizzaApi.csproj", "{5EF0EC07-A736-43C2-AE44-641031A918F7}"
EndProject
Project("{9A19103F-16F7-4668-BE54-9A1E7A4F7556}") = "PPMDotNetCore.ConsoleAppRefitExample", "PPMDotNetCore.ConsoleAppRefitExample\PPMDotNetCore.ConsoleAppRefitExample.csproj", "{59AE9840-52C8-45FB-839F-373C664A74B5}"
EndProject
Project("{9A19103F-16F7-4668-BE54-9A1E7A4F7556}") = "PPMDotNetCore.WinFormsApp", "PPMDotNetCore.WinFormsApp\PPMDotNetCore.WinFormsApp.csproj", "{68E74B29-9621-442E-8208-361B0185908F}"
EndProject
Project("{9A19103F-16F7-4668-BE54-9A1E7A4F7556}") = "PPMDotNetCore.WinFormsAppSqlInjection", "PPMDotNetCore.WinFormsAppSqlInjection\PPMDotNetCore.WinFormsAppSqlInjection.csproj", "{BB68E495-E7BC-467D-9009-B11B0F52B85F}"
EndProject
Project("{9A19103F-16F7-4668-BE54-9A1E7A4F7556}") = "PPMDotNetCore.NLayer.UI", "PPMDotNetCore.NLayer.UI\PPMDotNetCore.NLayer.UI.csproj", "{27CFEF9F-5751-4785-B860-99D3AA1AA87D}"
EndProject
Project("{9A19103F-16F7-4668-BE54-9A1E7A4F7556}") = "PPMDotNetCore.NLayer.BusinessLogic", "PPMDotNetCore.NLayer.BusinessLogic\PPMDotNetCore.NLayer.BusinessLogic.csproj", "{4E868DB0-37B3-45E5-B387-49C4E1865BDA}"
EndProject
Project("{9A19103F-16F7-4668-BE54-9A1E7A4F7556}") = "PPMDotNetCore.NLayer.DataAccess", "PPMDotNetCore.NLayer.DataAccess\PPMDotNetCore.NLayer.DataAccess.csproj", "{65D57068-5EED-417C-9401-FAF339E994DB}"
EndProject
Project("{9A19103F-16F7-4668-BE54-9A1E7A4F7556}") = "PPMDotNetCore.MinimalAPI", "PPMDotNetCore.MinimalAPI\PPMDotNetCore.MinimalAPI.csproj", "{8CF81BC5-CC0D-489A-8135-560CDA7A8D6B}"
EndProject
Project("{9A19103F-16F7-4668-BE54-9A1E7A4F7556}") = "PPMDotNetCore.MVCApp", "PPMDotNetCore.MVCApp\PPMDotNetCore.MVCApp.csproj", "{8B8D346F-918C-41F6-8DC0-A82AF5B172F4}"
EndProject
Project("{9A19103F-16F7-4668-BE54-9A1E7A4F7556}") = "PPMDotNetCore.AjaxMVCApp", "PPMDotNetCore.AjaxMVCApp\PPMDotNetCore.AjaxMVCApp.csproj", "{2DB683C4-7947-4238-8CAC-1FEA54BD6B4C}"
EndProject
Project("{9A19103F-16F7-4668-BE54-9A1E7A4F7556}") = "PPMDotNetCore.MVCChartApp", "PPMDotNetCore.MVCChartApp\PPMDotNetCore.MVCChartApp.csproj", "{3FC93527-196A-41A3-8FFC-31BED55A3ADE}"
EndProject
Project("{9A19103F-16F7-4668-BE54-9A1E7A4F7556}") = "PPMDotNetCore.ConsoleAppLogging", "PPMDotNetCore.ConsoleAppLogging\PPMDotNetCore.ConsoleAppLogging.csproj", "{00B0C9E0-0076-4125-94B0-FBE374532CEA}"
EndProject
Project("{9A19103F-16F7-4668-BE54-9A1E7A4F7556}") = "PPMDotNetCore.RealTimeChatApp", "PPMDotNetCore.RealTimeChatApp\PPMDotNetCore.RealTimeChatApp.csproj", "{3F954C59-FC00-4A77-9D1F-1F1C5553F577}"
EndProject
Project("{9A19103F-16F7-4668-BE54-9A1E7A4F7556}") = "PPMDotNetCore.EFCoreDbAuto", "PPMDotNetCore.EFCoreDbAuto\PPMDotNetCore.EFCoreDbAuto.csproj", "{385B9906-13EA-48D3-B79B-1F4F40B45E79}"
EndProject
Project("{9A19103F-16F7-4668-BE54-9A1E7A4F7556}") = "PPMDotNetCore.RealTimeChatAppWithUI", "PPMDotNetCore.RealTimeChatAppWithUI\PPMDotNetCore.RealTimeChatAppWithUI.csproj", "{7951886D-35F6-4748-AFF6-70E7B3593E13}"
EndProject
Project("{9A19103F-16F7-4668-BE54-9A1E7A4F7556}") = "PPMDotNetCore.Middleware", "PPMDotNetCore.Middleware\PPMDotNetCore.Middleware.csproj", "{C767E0B6-39B6-44AD-B03A-D81A07030E82}"
EndProject
Project("{9A19103F-16F7-4668-BE54-9A1E7A4F7556}") = "PPMDotNetCore.BlazorCRUDApp", "PPMDotNetCore.BlazorCRUDApp\PPMDotNetCore.BlazorCRUDApp.csproj", "{0FF3B2FF-1E4A-42D7-834D-EA151FCF7F35}"
EndProject
Project("{9A19103F-16F7-4668-BE54-9A1E7A4F7556}") = "PPMDotNetCore.LoginMiddleware", "PPMDotNetCore.LoginMiddleware\PPMDotNetCore.LoginMiddleware.csproj", "{9B30B2AF-C22F-4819-B658-BEB66A2BC8F5}"
EndProject
Project("{9A19103F-16F7-4668-BE54-9A1E7A4F7556}") = "PPMDotNetCore.WebAssemblyApp", "PPMDotNetCore.WebAssemblyApp\PPMDotNetCore.WebAssemblyApp.csproj", "{BDBCBCC3-F765-4A17-9BBF-F9BF29F3DEE7}"
EndProject
Project("{9A19103F-16F7-4668-BE54-9A1E7A4F7556}") = "DotNetRevision", "DotNetRevision\DotNetRevision.csproj", "{CA497421-F138-4ECF-86FC-976B8B468096}"
EndProject
Project("{9A19103F-16F7-4668-BE54-9A1E7A4F7556}") = "DotNetStudy", "DotNetStudy\DotNetStudy.csproj", "{2CC6B2C4-0E38-4010-B08F-E532F87E6834}"
EndProject
Project("{9A19103F-16F7-4668-BE54-9A1E7A4F7556}") = "ASP.NetCore.RestApiTest", "ASP.NetCore.RestApiTest\ASP.NetCore.RestApiTest.csproj", "{21F8DB18-4F88-47A4-B46F-867EC5F28D4A}"
EndProject
Project("{9A19103F-16F7-4668-BE54-9A1E7A4F7556}") = "ConsoleApp.SchoolTeach", "ConsoleApp.SchoolTeach\ConsoleApp.SchoolTeach.csproj", "{132A1A56-F3B1-4A54-B604-D053894C307C}"
EndProject
Project("{9A19103F-16F7-4668-BE54-9A1E7A4F7556}") = "NLayerTesting", "NLayerTesting\NLayerTesting.csproj", "{5056DFA9-0DE1-4323-A87A-65F779F24DE9}"
EndProject
Project("{9A19103F-16F7-4668-BE54-9A1E7A4F7556}") = "PPMDotNetCore.LatHtaikBayDinApi", "PPMDotNetCore.LatHtaikBayDinApi\PPMDotNetCore.LatHtaikBayDinApi.csproj", "{46CFE868-7E4F-4CAC-BA35-0529EFDA23A2}"
EndProject
Project("{9A19103F-16F7-4668-BE54-9A1E7A4F7556}") = "DotNetCore.ConsoleAppHttpClientExample", "DotNetCore.ConsoleAppHttpClientExample\DotNetCore.ConsoleAppHttpClientExample.csproj", "{C0ECF027-F0E5-4886-BF9C-52974BEF4256}"
EndProject
Project("{9A19103F-16F7-4668-BE54-9A1E7A4F7556}") = "RestClientExample", "RestClientExample\RestClientExample.csproj", "{0F9AF5F1-EE9B-4393-B710-FD2CAC39974B}"
EndProject
Project("{9A19103F-16F7-4668-BE54-9A1E7A4F7556}") = "PizzaExampleApi", "PizzaExampleApi\PizzaExampleApi.csproj", "{46E54920-65BF-4D29-AF66-0972DA756FB9}"
EndProject
Project("{9A19103F-16F7-4668-BE54-9A1E7A4F7556}") = "RefitExampleConsoleApp", "RefitExampleConsoleApp\RefitExampleConsoleApp.csproj", "{19C35C56-D125-4999-912E-393ABF4F99F1}"
EndProject
Project("{FAE04EC0-301F-11D3-BF4B-00C04F79EFBC}") = "ConsoleApp.RefitExample", "ConsoleApp.RefitExample\ConsoleApp.RefitExample.csproj", "{69457979-3A31-46D9-B815-31DF67E352A4}"
EndProject
Global
	GlobalSection(SolutionConfigurationPlatforms) = preSolution
		Debug|Any CPU = Debug|Any CPU
		Release|Any CPU = Release|Any CPU
	EndGlobalSection
	GlobalSection(ProjectConfigurationPlatforms) = postSolution
		{697462D7-EE76-49E6-84A3-BB9863EA69B8}.Debug|Any CPU.ActiveCfg = Debug|Any CPU
		{697462D7-EE76-49E6-84A3-BB9863EA69B8}.Debug|Any CPU.Build.0 = Debug|Any CPU
		{697462D7-EE76-49E6-84A3-BB9863EA69B8}.Release|Any CPU.ActiveCfg = Release|Any CPU
		{697462D7-EE76-49E6-84A3-BB9863EA69B8}.Release|Any CPU.Build.0 = Release|Any CPU
		{24BC6EAE-8CA6-462D-8576-D2516AD5AB11}.Debug|Any CPU.ActiveCfg = Debug|Any CPU
		{24BC6EAE-8CA6-462D-8576-D2516AD5AB11}.Debug|Any CPU.Build.0 = Debug|Any CPU
		{24BC6EAE-8CA6-462D-8576-D2516AD5AB11}.Release|Any CPU.ActiveCfg = Release|Any CPU
		{24BC6EAE-8CA6-462D-8576-D2516AD5AB11}.Release|Any CPU.Build.0 = Release|Any CPU
		{A2AADFC9-93A9-486F-ACCF-39DF0E651421}.Debug|Any CPU.ActiveCfg = Debug|Any CPU
		{A2AADFC9-93A9-486F-ACCF-39DF0E651421}.Debug|Any CPU.Build.0 = Debug|Any CPU
		{A2AADFC9-93A9-486F-ACCF-39DF0E651421}.Release|Any CPU.ActiveCfg = Release|Any CPU
		{A2AADFC9-93A9-486F-ACCF-39DF0E651421}.Release|Any CPU.Build.0 = Release|Any CPU
		{4559F854-3A61-48E7-BD1D-04F74A2E3163}.Debug|Any CPU.ActiveCfg = Debug|Any CPU
		{4559F854-3A61-48E7-BD1D-04F74A2E3163}.Debug|Any CPU.Build.0 = Debug|Any CPU
		{4559F854-3A61-48E7-BD1D-04F74A2E3163}.Release|Any CPU.ActiveCfg = Release|Any CPU
		{4559F854-3A61-48E7-BD1D-04F74A2E3163}.Release|Any CPU.Build.0 = Release|Any CPU
		{7FE18D64-3F17-4E61-A038-B9DD9D9E8E9F}.Debug|Any CPU.ActiveCfg = Debug|Any CPU
		{7FE18D64-3F17-4E61-A038-B9DD9D9E8E9F}.Debug|Any CPU.Build.0 = Debug|Any CPU
		{7FE18D64-3F17-4E61-A038-B9DD9D9E8E9F}.Release|Any CPU.ActiveCfg = Release|Any CPU
		{7FE18D64-3F17-4E61-A038-B9DD9D9E8E9F}.Release|Any CPU.Build.0 = Release|Any CPU
		{1D7A9DE8-6A2F-45A5-9B85-7D7FFBF3B662}.Debug|Any CPU.ActiveCfg = Debug|Any CPU
		{1D7A9DE8-6A2F-45A5-9B85-7D7FFBF3B662}.Debug|Any CPU.Build.0 = Debug|Any CPU
		{1D7A9DE8-6A2F-45A5-9B85-7D7FFBF3B662}.Release|Any CPU.ActiveCfg = Release|Any CPU
		{1D7A9DE8-6A2F-45A5-9B85-7D7FFBF3B662}.Release|Any CPU.Build.0 = Release|Any CPU
		{5EF0EC07-A736-43C2-AE44-641031A918F7}.Debug|Any CPU.ActiveCfg = Debug|Any CPU
		{5EF0EC07-A736-43C2-AE44-641031A918F7}.Debug|Any CPU.Build.0 = Debug|Any CPU
		{5EF0EC07-A736-43C2-AE44-641031A918F7}.Release|Any CPU.ActiveCfg = Release|Any CPU
		{5EF0EC07-A736-43C2-AE44-641031A918F7}.Release|Any CPU.Build.0 = Release|Any CPU
		{59AE9840-52C8-45FB-839F-373C664A74B5}.Debug|Any CPU.ActiveCfg = Debug|Any CPU
		{59AE9840-52C8-45FB-839F-373C664A74B5}.Debug|Any CPU.Build.0 = Debug|Any CPU
		{59AE9840-52C8-45FB-839F-373C664A74B5}.Release|Any CPU.ActiveCfg = Release|Any CPU
		{59AE9840-52C8-45FB-839F-373C664A74B5}.Release|Any CPU.Build.0 = Release|Any CPU
		{68E74B29-9621-442E-8208-361B0185908F}.Debug|Any CPU.ActiveCfg = Debug|Any CPU
		{68E74B29-9621-442E-8208-361B0185908F}.Debug|Any CPU.Build.0 = Debug|Any CPU
		{68E74B29-9621-442E-8208-361B0185908F}.Release|Any CPU.ActiveCfg = Release|Any CPU
		{68E74B29-9621-442E-8208-361B0185908F}.Release|Any CPU.Build.0 = Release|Any CPU
		{BB68E495-E7BC-467D-9009-B11B0F52B85F}.Debug|Any CPU.ActiveCfg = Debug|Any CPU
		{BB68E495-E7BC-467D-9009-B11B0F52B85F}.Debug|Any CPU.Build.0 = Debug|Any CPU
		{BB68E495-E7BC-467D-9009-B11B0F52B85F}.Release|Any CPU.ActiveCfg = Release|Any CPU
		{BB68E495-E7BC-467D-9009-B11B0F52B85F}.Release|Any CPU.Build.0 = Release|Any CPU
		{27CFEF9F-5751-4785-B860-99D3AA1AA87D}.Debug|Any CPU.ActiveCfg = Debug|Any CPU
		{27CFEF9F-5751-4785-B860-99D3AA1AA87D}.Debug|Any CPU.Build.0 = Debug|Any CPU
		{27CFEF9F-5751-4785-B860-99D3AA1AA87D}.Release|Any CPU.ActiveCfg = Release|Any CPU
		{27CFEF9F-5751-4785-B860-99D3AA1AA87D}.Release|Any CPU.Build.0 = Release|Any CPU
		{4E868DB0-37B3-45E5-B387-49C4E1865BDA}.Debug|Any CPU.ActiveCfg = Debug|Any CPU
		{4E868DB0-37B3-45E5-B387-49C4E1865BDA}.Debug|Any CPU.Build.0 = Debug|Any CPU
		{4E868DB0-37B3-45E5-B387-49C4E1865BDA}.Release|Any CPU.ActiveCfg = Release|Any CPU
		{4E868DB0-37B3-45E5-B387-49C4E1865BDA}.Release|Any CPU.Build.0 = Release|Any CPU
		{65D57068-5EED-417C-9401-FAF339E994DB}.Debug|Any CPU.ActiveCfg = Debug|Any CPU
		{65D57068-5EED-417C-9401-FAF339E994DB}.Debug|Any CPU.Build.0 = Debug|Any CPU
		{65D57068-5EED-417C-9401-FAF339E994DB}.Release|Any CPU.ActiveCfg = Release|Any CPU
		{65D57068-5EED-417C-9401-FAF339E994DB}.Release|Any CPU.Build.0 = Release|Any CPU
		{8CF81BC5-CC0D-489A-8135-560CDA7A8D6B}.Debug|Any CPU.ActiveCfg = Debug|Any CPU
		{8CF81BC5-CC0D-489A-8135-560CDA7A8D6B}.Debug|Any CPU.Build.0 = Debug|Any CPU
		{8CF81BC5-CC0D-489A-8135-560CDA7A8D6B}.Release|Any CPU.ActiveCfg = Release|Any CPU
		{8CF81BC5-CC0D-489A-8135-560CDA7A8D6B}.Release|Any CPU.Build.0 = Release|Any CPU
		{8B8D346F-918C-41F6-8DC0-A82AF5B172F4}.Debug|Any CPU.ActiveCfg = Debug|Any CPU
		{8B8D346F-918C-41F6-8DC0-A82AF5B172F4}.Debug|Any CPU.Build.0 = Debug|Any CPU
		{8B8D346F-918C-41F6-8DC0-A82AF5B172F4}.Release|Any CPU.ActiveCfg = Release|Any CPU
		{8B8D346F-918C-41F6-8DC0-A82AF5B172F4}.Release|Any CPU.Build.0 = Release|Any CPU
		{2DB683C4-7947-4238-8CAC-1FEA54BD6B4C}.Debug|Any CPU.ActiveCfg = Debug|Any CPU
		{2DB683C4-7947-4238-8CAC-1FEA54BD6B4C}.Debug|Any CPU.Build.0 = Debug|Any CPU
		{2DB683C4-7947-4238-8CAC-1FEA54BD6B4C}.Release|Any CPU.ActiveCfg = Release|Any CPU
		{2DB683C4-7947-4238-8CAC-1FEA54BD6B4C}.Release|Any CPU.Build.0 = Release|Any CPU
		{3FC93527-196A-41A3-8FFC-31BED55A3ADE}.Debug|Any CPU.ActiveCfg = Debug|Any CPU
		{3FC93527-196A-41A3-8FFC-31BED55A3ADE}.Debug|Any CPU.Build.0 = Debug|Any CPU
		{3FC93527-196A-41A3-8FFC-31BED55A3ADE}.Release|Any CPU.ActiveCfg = Release|Any CPU
		{3FC93527-196A-41A3-8FFC-31BED55A3ADE}.Release|Any CPU.Build.0 = Release|Any CPU
		{00B0C9E0-0076-4125-94B0-FBE374532CEA}.Debug|Any CPU.ActiveCfg = Debug|Any CPU
		{00B0C9E0-0076-4125-94B0-FBE374532CEA}.Debug|Any CPU.Build.0 = Debug|Any CPU
		{00B0C9E0-0076-4125-94B0-FBE374532CEA}.Release|Any CPU.ActiveCfg = Release|Any CPU
		{00B0C9E0-0076-4125-94B0-FBE374532CEA}.Release|Any CPU.Build.0 = Release|Any CPU
		{3F954C59-FC00-4A77-9D1F-1F1C5553F577}.Debug|Any CPU.ActiveCfg = Debug|Any CPU
		{3F954C59-FC00-4A77-9D1F-1F1C5553F577}.Debug|Any CPU.Build.0 = Debug|Any CPU
		{3F954C59-FC00-4A77-9D1F-1F1C5553F577}.Release|Any CPU.ActiveCfg = Release|Any CPU
		{3F954C59-FC00-4A77-9D1F-1F1C5553F577}.Release|Any CPU.Build.0 = Release|Any CPU
		{385B9906-13EA-48D3-B79B-1F4F40B45E79}.Debug|Any CPU.ActiveCfg = Debug|Any CPU
		{385B9906-13EA-48D3-B79B-1F4F40B45E79}.Debug|Any CPU.Build.0 = Debug|Any CPU
		{385B9906-13EA-48D3-B79B-1F4F40B45E79}.Release|Any CPU.ActiveCfg = Release|Any CPU
		{385B9906-13EA-48D3-B79B-1F4F40B45E79}.Release|Any CPU.Build.0 = Release|Any CPU
		{7951886D-35F6-4748-AFF6-70E7B3593E13}.Debug|Any CPU.ActiveCfg = Debug|Any CPU
		{7951886D-35F6-4748-AFF6-70E7B3593E13}.Debug|Any CPU.Build.0 = Debug|Any CPU
		{7951886D-35F6-4748-AFF6-70E7B3593E13}.Release|Any CPU.ActiveCfg = Release|Any CPU
		{7951886D-35F6-4748-AFF6-70E7B3593E13}.Release|Any CPU.Build.0 = Release|Any CPU
		{C767E0B6-39B6-44AD-B03A-D81A07030E82}.Debug|Any CPU.ActiveCfg = Debug|Any CPU
		{C767E0B6-39B6-44AD-B03A-D81A07030E82}.Debug|Any CPU.Build.0 = Debug|Any CPU
		{C767E0B6-39B6-44AD-B03A-D81A07030E82}.Release|Any CPU.ActiveCfg = Release|Any CPU
		{C767E0B6-39B6-44AD-B03A-D81A07030E82}.Release|Any CPU.Build.0 = Release|Any CPU
		{0FF3B2FF-1E4A-42D7-834D-EA151FCF7F35}.Debug|Any CPU.ActiveCfg = Debug|Any CPU
		{0FF3B2FF-1E4A-42D7-834D-EA151FCF7F35}.Debug|Any CPU.Build.0 = Debug|Any CPU
		{0FF3B2FF-1E4A-42D7-834D-EA151FCF7F35}.Release|Any CPU.ActiveCfg = Release|Any CPU
		{0FF3B2FF-1E4A-42D7-834D-EA151FCF7F35}.Release|Any CPU.Build.0 = Release|Any CPU
		{9B30B2AF-C22F-4819-B658-BEB66A2BC8F5}.Debug|Any CPU.ActiveCfg = Debug|Any CPU
		{9B30B2AF-C22F-4819-B658-BEB66A2BC8F5}.Debug|Any CPU.Build.0 = Debug|Any CPU
		{9B30B2AF-C22F-4819-B658-BEB66A2BC8F5}.Release|Any CPU.ActiveCfg = Release|Any CPU
		{9B30B2AF-C22F-4819-B658-BEB66A2BC8F5}.Release|Any CPU.Build.0 = Release|Any CPU
		{BDBCBCC3-F765-4A17-9BBF-F9BF29F3DEE7}.Debug|Any CPU.ActiveCfg = Debug|Any CPU
		{BDBCBCC3-F765-4A17-9BBF-F9BF29F3DEE7}.Debug|Any CPU.Build.0 = Debug|Any CPU
		{BDBCBCC3-F765-4A17-9BBF-F9BF29F3DEE7}.Release|Any CPU.ActiveCfg = Release|Any CPU
		{BDBCBCC3-F765-4A17-9BBF-F9BF29F3DEE7}.Release|Any CPU.Build.0 = Release|Any CPU
		{CA497421-F138-4ECF-86FC-976B8B468096}.Debug|Any CPU.ActiveCfg = Debug|Any CPU
		{CA497421-F138-4ECF-86FC-976B8B468096}.Debug|Any CPU.Build.0 = Debug|Any CPU
		{CA497421-F138-4ECF-86FC-976B8B468096}.Release|Any CPU.ActiveCfg = Release|Any CPU
		{CA497421-F138-4ECF-86FC-976B8B468096}.Release|Any CPU.Build.0 = Release|Any CPU
		{2CC6B2C4-0E38-4010-B08F-E532F87E6834}.Debug|Any CPU.ActiveCfg = Debug|Any CPU
		{2CC6B2C4-0E38-4010-B08F-E532F87E6834}.Debug|Any CPU.Build.0 = Debug|Any CPU
		{2CC6B2C4-0E38-4010-B08F-E532F87E6834}.Release|Any CPU.ActiveCfg = Release|Any CPU
		{2CC6B2C4-0E38-4010-B08F-E532F87E6834}.Release|Any CPU.Build.0 = Release|Any CPU
		{21F8DB18-4F88-47A4-B46F-867EC5F28D4A}.Debug|Any CPU.ActiveCfg = Debug|Any CPU
		{21F8DB18-4F88-47A4-B46F-867EC5F28D4A}.Debug|Any CPU.Build.0 = Debug|Any CPU
		{21F8DB18-4F88-47A4-B46F-867EC5F28D4A}.Release|Any CPU.ActiveCfg = Release|Any CPU
		{21F8DB18-4F88-47A4-B46F-867EC5F28D4A}.Release|Any CPU.Build.0 = Release|Any CPU
		{132A1A56-F3B1-4A54-B604-D053894C307C}.Debug|Any CPU.ActiveCfg = Debug|Any CPU
		{132A1A56-F3B1-4A54-B604-D053894C307C}.Debug|Any CPU.Build.0 = Debug|Any CPU
		{132A1A56-F3B1-4A54-B604-D053894C307C}.Release|Any CPU.ActiveCfg = Release|Any CPU
		{132A1A56-F3B1-4A54-B604-D053894C307C}.Release|Any CPU.Build.0 = Release|Any CPU
		{5056DFA9-0DE1-4323-A87A-65F779F24DE9}.Debug|Any CPU.ActiveCfg = Debug|Any CPU
		{5056DFA9-0DE1-4323-A87A-65F779F24DE9}.Debug|Any CPU.Build.0 = Debug|Any CPU
		{5056DFA9-0DE1-4323-A87A-65F779F24DE9}.Release|Any CPU.ActiveCfg = Release|Any CPU
		{5056DFA9-0DE1-4323-A87A-65F779F24DE9}.Release|Any CPU.Build.0 = Release|Any CPU
		{46CFE868-7E4F-4CAC-BA35-0529EFDA23A2}.Debug|Any CPU.ActiveCfg = Debug|Any CPU
		{46CFE868-7E4F-4CAC-BA35-0529EFDA23A2}.Debug|Any CPU.Build.0 = Debug|Any CPU
		{46CFE868-7E4F-4CAC-BA35-0529EFDA23A2}.Release|Any CPU.ActiveCfg = Release|Any CPU
		{46CFE868-7E4F-4CAC-BA35-0529EFDA23A2}.Release|Any CPU.Build.0 = Release|Any CPU
		{C0ECF027-F0E5-4886-BF9C-52974BEF4256}.Debug|Any CPU.ActiveCfg = Debug|Any CPU
		{C0ECF027-F0E5-4886-BF9C-52974BEF4256}.Debug|Any CPU.Build.0 = Debug|Any CPU
		{C0ECF027-F0E5-4886-BF9C-52974BEF4256}.Release|Any CPU.ActiveCfg = Release|Any CPU
		{C0ECF027-F0E5-4886-BF9C-52974BEF4256}.Release|Any CPU.Build.0 = Release|Any CPU
		{0F9AF5F1-EE9B-4393-B710-FD2CAC39974B}.Debug|Any CPU.ActiveCfg = Debug|Any CPU
		{0F9AF5F1-EE9B-4393-B710-FD2CAC39974B}.Debug|Any CPU.Build.0 = Debug|Any CPU
		{0F9AF5F1-EE9B-4393-B710-FD2CAC39974B}.Release|Any CPU.ActiveCfg = Release|Any CPU
		{0F9AF5F1-EE9B-4393-B710-FD2CAC39974B}.Release|Any CPU.Build.0 = Release|Any CPU
		{46E54920-65BF-4D29-AF66-0972DA756FB9}.Debug|Any CPU.ActiveCfg = Debug|Any CPU
		{46E54920-65BF-4D29-AF66-0972DA756FB9}.Debug|Any CPU.Build.0 = Debug|Any CPU
		{46E54920-65BF-4D29-AF66-0972DA756FB9}.Release|Any CPU.ActiveCfg = Release|Any CPU
		{46E54920-65BF-4D29-AF66-0972DA756FB9}.Release|Any CPU.Build.0 = Release|Any CPU
		{19C35C56-D125-4999-912E-393ABF4F99F1}.Debug|Any CPU.ActiveCfg = Debug|Any CPU
		{19C35C56-D125-4999-912E-393ABF4F99F1}.Debug|Any CPU.Build.0 = Debug|Any CPU
		{19C35C56-D125-4999-912E-393ABF4F99F1}.Release|Any CPU.ActiveCfg = Release|Any CPU
		{19C35C56-D125-4999-912E-393ABF4F99F1}.Release|Any CPU.Build.0 = Release|Any CPU
		{69457979-3A31-46D9-B815-31DF67E352A4}.Debug|Any CPU.ActiveCfg = Debug|Any CPU
		{69457979-3A31-46D9-B815-31DF67E352A4}.Debug|Any CPU.Build.0 = Debug|Any CPU
		{69457979-3A31-46D9-B815-31DF67E352A4}.Release|Any CPU.ActiveCfg = Release|Any CPU
		{69457979-3A31-46D9-B815-31DF67E352A4}.Release|Any CPU.Build.0 = Release|Any CPU
	EndGlobalSection
	GlobalSection(SolutionProperties) = preSolution
		HideSolutionNode = FALSE
	EndGlobalSection
	GlobalSection(ExtensibilityGlobals) = postSolution
		SolutionGuid = {C12CB089-4200-4B7C-BACA-31B13170B172}
	EndGlobalSection
EndGlobal
